
Microsoft Visual Studio Solution File, Format Version 12.00
# Visual Studio Version 17
VisualStudioVersion = 17.7.34031.279
MinimumVisualStudioVersion = 10.0.40219.1
Project("{FAE04EC0-301F-11D3-BF4B-00C04F79EFBC}") = "cs2servergui", "cs2servergui.csproj", "{84AE95D1-00F7-469B-A6FE-CB612FE57439}"
EndProject
Global
	GlobalSection(SolutionConfigurationPlatforms) = preSolution
		Debug|Any CPU = Debug|Any CPU
		Release|Any CPU = Release|Any CPU
	EndGlobalSection
	GlobalSection(ProjectConfigurationPlatforms) = postSolution
		{84AE95D1-00F7-469B-A6FE-CB612FE57439}.Debug|Any CPU.ActiveCfg = Debug|Any CPU
		{84AE95D1-00F7-469B-A6FE-CB612FE57439}.Debug|Any CPU.Build.0 = Debug|Any CPU
		{84AE95D1-00F7-469B-A6FE-CB612FE57439}.Release|Any CPU.ActiveCfg = Release|Any CPU
		{84AE95D1-00F7-469B-A6FE-CB612FE57439}.Release|Any CPU.Build.0 = Release|Any CPU
	EndGlobalSection
	GlobalSection(SolutionProperties) = preSolution
		HideSolutionNode = FALSE
	EndGlobalSection
	GlobalSection(ExtensibilityGlobals) = postSolution
		SolutionGuid = {A497ADDB-6AA3-4FE4-959A-731DC48788ED}
	EndGlobalSection
EndGlobal
